// !$*UTF8*$!
{
	archiveVersion = 1;
	classes = {
	};
	objectVersion = 56;
	objects = {

/* Begin PBXBuildFile section */
		FD183AEE2AE5961500A3C1A3 /* UserDefaults+Wrapper.swift in Sources */ = {isa = PBXBuildFile; fileRef = FD183AED2AE5961500A3C1A3 /* UserDefaults+Wrapper.swift */; };
		FD1902EC2BA12B3900287011 /* WeatherResult.swift in Sources */ = {isa = PBXBuildFile; fileRef = FD1902EB2BA12B3900287011 /* WeatherResult.swift */; };
		FD5B09C62AD6D5BF0005A6EF /* SettingsCell.swift in Sources */ = {isa = PBXBuildFile; fileRef = FD5B09C52AD6D5BF0005A6EF /* SettingsCell.swift */; };
		FD7F07752AD582620064FE0C /* AppDelegate.swift in Sources */ = {isa = PBXBuildFile; fileRef = FD7F07742AD582620064FE0C /* AppDelegate.swift */; };
		FD7F07772AD582620064FE0C /* SceneDelegate.swift in Sources */ = {isa = PBXBuildFile; fileRef = FD7F07762AD582620064FE0C /* SceneDelegate.swift */; };
		FD7F07792AD582620064FE0C /* WeatherViewController.swift in Sources */ = {isa = PBXBuildFile; fileRef = FD7F07782AD582620064FE0C /* WeatherViewController.swift */; };
		FD7F077E2AD582670064FE0C /* Assets.xcassets in Resources */ = {isa = PBXBuildFile; fileRef = FD7F077D2AD582670064FE0C /* Assets.xcassets */; };
		FD7F07812AD582670064FE0C /* LaunchScreen.storyboard in Resources */ = {isa = PBXBuildFile; fileRef = FD7F077F2AD582670064FE0C /* LaunchScreen.storyboard */; };
		FD7F07902AD58F2E0064FE0C /* LocationService.swift in Sources */ = {isa = PBXBuildFile; fileRef = FD7F078F2AD58F2E0064FE0C /* LocationService.swift */; };
		FD7F07922AD58F380064FE0C /* IAPService.swift in Sources */ = {isa = PBXBuildFile; fileRef = FD7F07912AD58F380064FE0C /* IAPService.swift */; };
		FD7F07942AD58F5C0064FE0C /* WeatherService.swift in Sources */ = {isa = PBXBuildFile; fileRef = FD7F07932AD58F5C0064FE0C /* WeatherService.swift */; };
		FD7F07982AD591CC0064FE0C /* SettingsViewController.swift in Sources */ = {isa = PBXBuildFile; fileRef = FD7F07972AD591CC0064FE0C /* SettingsViewController.swift */; };
		FD7F079D2AD5968A0064FE0C /* SettingsView.swift in Sources */ = {isa = PBXBuildFile; fileRef = FD7F079C2AD5968A0064FE0C /* SettingsView.swift */; };
		FD7F079F2AD596FD0064FE0C /* WeatherView.swift in Sources */ = {isa = PBXBuildFile; fileRef = FD7F079E2AD596FD0064FE0C /* WeatherView.swift */; };
		FD7F07A22AD599080064FE0C /* View+Extensions.swift in Sources */ = {isa = PBXBuildFile; fileRef = FD7F07A12AD599080064FE0C /* View+Extensions.swift */; };
		FD7F07A42AD5B21C0064FE0C /* Logger+Extensions.swift in Sources */ = {isa = PBXBuildFile; fileRef = FD7F07A32AD5B21C0064FE0C /* Logger+Extensions.swift */; };
		FD7F07AB2AD5B96B0064FE0C /* DependencyManager.swift in Sources */ = {isa = PBXBuildFile; fileRef = FD7F07AA2AD5B96B0064FE0C /* DependencyManager.swift */; };
		FD83360A2AE091B0008D08FA /* WeatherViewModel.swift in Sources */ = {isa = PBXBuildFile; fileRef = FD8336092AE091AF008D08FA /* WeatherViewModel.swift */; };
		FD83360E2AE0ACDF008D08FA /* NavigationContainer.swift in Sources */ = {isa = PBXBuildFile; fileRef = FD83360D2AE0ACDF008D08FA /* NavigationContainer.swift */; };
		FD8336162AE174D7008D08FA /* Montserrat-Medium.ttf in Resources */ = {isa = PBXBuildFile; fileRef = FD8336102AE174D6008D08FA /* Montserrat-Medium.ttf */; };
		FD8336172AE174D7008D08FA /* Montserrat-SemiBold.ttf in Resources */ = {isa = PBXBuildFile; fileRef = FD8336112AE174D6008D08FA /* Montserrat-SemiBold.ttf */; };
		FD8336182AE174D7008D08FA /* Montserrat-Black.ttf in Resources */ = {isa = PBXBuildFile; fileRef = FD8336122AE174D6008D08FA /* Montserrat-Black.ttf */; };
		FD8336192AE174D7008D08FA /* Montserrat-Bold.ttf in Resources */ = {isa = PBXBuildFile; fileRef = FD8336132AE174D6008D08FA /* Montserrat-Bold.ttf */; };
		FD83361A2AE174D7008D08FA /* Montserrat-Light.ttf in Resources */ = {isa = PBXBuildFile; fileRef = FD8336142AE174D7008D08FA /* Montserrat-Light.ttf */; };
		FD83361B2AE174D7008D08FA /* Montserrat-Regular.ttf in Resources */ = {isa = PBXBuildFile; fileRef = FD8336152AE174D7008D08FA /* Montserrat-Regular.ttf */; };
		FD83361D2AE17B72008D08FA /* FontProvider.swift in Sources */ = {isa = PBXBuildFile; fileRef = FD83361C2AE17B72008D08FA /* FontProvider.swift */; };
		FDFEB6662BAA68630027AB83 /* SnapKit in Frameworks */ = {isa = PBXBuildFile; productRef = FDFEB6652BAA68630027AB83 /* SnapKit */; };
		FDFEB6692BAB80770027AB83 /* BottomSwipeUpView.swift in Sources */ = {isa = PBXBuildFile; fileRef = FDFEB6682BAB80770027AB83 /* BottomSwipeUpView.swift */; };
		FDFEB66B2BAB8FD00027AB83 /* CustomPanGestureRecognizer.swift in Sources */ = {isa = PBXBuildFile; fileRef = FDFEB66A2BAB8FD00027AB83 /* CustomPanGestureRecognizer.swift */; };
		FDFEB66D2BABC1140027AB83 /* UserDefaults+Extensions.swift in Sources */ = {isa = PBXBuildFile; fileRef = FDFEB66C2BABC1140027AB83 /* UserDefaults+Extensions.swift */; };
		FDFEB66F2BABC2E90027AB83 /* AppConfig.swift in Sources */ = {isa = PBXBuildFile; fileRef = FDFEB66E2BABC2E90027AB83 /* AppConfig.swift */; };
		FDFEB6762BB269520027AB83 /* HourlyWeatherViewCell.swift in Sources */ = {isa = PBXBuildFile; fileRef = FDFEB6752BB269520027AB83 /* HourlyWeatherViewCell.swift */; };
		FDFEB6782BB26FD60027AB83 /* HourlyWeatherViewController.swift in Sources */ = {isa = PBXBuildFile; fileRef = FDFEB6772BB26FD60027AB83 /* HourlyWeatherViewController.swift */; };
		FDFEB67A2BB2728C0027AB83 /* HourlyWeatherItem.swift in Sources */ = {isa = PBXBuildFile; fileRef = FDFEB6792BB2728C0027AB83 /* HourlyWeatherItem.swift */; };
		FDFEB67D2BB273FF0027AB83 /* WeatherType.swift in Sources */ = {isa = PBXBuildFile; fileRef = FDFEB67C2BB273FF0027AB83 /* WeatherType.swift */; };
/* End PBXBuildFile section */

/* Begin PBXFileReference section */
		FD183AED2AE5961500A3C1A3 /* UserDefaults+Wrapper.swift */ = {isa = PBXFileReference; lastKnownFileType = sourcecode.swift; path = "UserDefaults+Wrapper.swift"; sourceTree = "<group>"; };
		FD1902EB2BA12B3900287011 /* WeatherResult.swift */ = {isa = PBXFileReference; lastKnownFileType = sourcecode.swift; path = WeatherResult.swift; sourceTree = "<group>"; };
		FD5B09C52AD6D5BF0005A6EF /* SettingsCell.swift */ = {isa = PBXFileReference; lastKnownFileType = sourcecode.swift; path = SettingsCell.swift; sourceTree = "<group>"; };
		FD7F07712AD582620064FE0C /* SkyWizard.app */ = {isa = PBXFileReference; explicitFileType = wrapper.application; includeInIndex = 0; path = SkyWizard.app; sourceTree = BUILT_PRODUCTS_DIR; };
		FD7F07742AD582620064FE0C /* AppDelegate.swift */ = {isa = PBXFileReference; lastKnownFileType = sourcecode.swift; path = AppDelegate.swift; sourceTree = "<group>"; };
		FD7F07762AD582620064FE0C /* SceneDelegate.swift */ = {isa = PBXFileReference; lastKnownFileType = sourcecode.swift; path = SceneDelegate.swift; sourceTree = "<group>"; };
		FD7F07782AD582620064FE0C /* WeatherViewController.swift */ = {isa = PBXFileReference; lastKnownFileType = sourcecode.swift; path = WeatherViewController.swift; sourceTree = "<group>"; };
		FD7F077D2AD582670064FE0C /* Assets.xcassets */ = {isa = PBXFileReference; lastKnownFileType = folder.assetcatalog; path = Assets.xcassets; sourceTree = "<group>"; };
		FD7F07802AD582670064FE0C /* Base */ = {isa = PBXFileReference; lastKnownFileType = file.storyboard; name = Base; path = Base.lproj/LaunchScreen.storyboard; sourceTree = "<group>"; };
		FD7F07822AD582670064FE0C /* Info.plist */ = {isa = PBXFileReference; lastKnownFileType = text.plist.xml; path = Info.plist; sourceTree = "<group>"; };
		FD7F07882AD5831B0064FE0C /* SkyWizard.entitlements */ = {isa = PBXFileReference; lastKnownFileType = text.plist.entitlements; path = SkyWizard.entitlements; sourceTree = "<group>"; };
		FD7F078F2AD58F2E0064FE0C /* LocationService.swift */ = {isa = PBXFileReference; lastKnownFileType = sourcecode.swift; path = LocationService.swift; sourceTree = "<group>"; };
		FD7F07912AD58F380064FE0C /* IAPService.swift */ = {isa = PBXFileReference; lastKnownFileType = sourcecode.swift; path = IAPService.swift; sourceTree = "<group>"; };
		FD7F07932AD58F5C0064FE0C /* WeatherService.swift */ = {isa = PBXFileReference; lastKnownFileType = sourcecode.swift; path = WeatherService.swift; sourceTree = "<group>"; };
		FD7F07972AD591CC0064FE0C /* SettingsViewController.swift */ = {isa = PBXFileReference; lastKnownFileType = sourcecode.swift; path = SettingsViewController.swift; sourceTree = "<group>"; };
		FD7F079C2AD5968A0064FE0C /* SettingsView.swift */ = {isa = PBXFileReference; lastKnownFileType = sourcecode.swift; path = SettingsView.swift; sourceTree = "<group>"; };
		FD7F079E2AD596FD0064FE0C /* WeatherView.swift */ = {isa = PBXFileReference; lastKnownFileType = sourcecode.swift; path = WeatherView.swift; sourceTree = "<group>"; };
		FD7F07A12AD599080064FE0C /* View+Extensions.swift */ = {isa = PBXFileReference; lastKnownFileType = sourcecode.swift; path = "View+Extensions.swift"; sourceTree = "<group>"; };
		FD7F07A32AD5B21C0064FE0C /* Logger+Extensions.swift */ = {isa = PBXFileReference; lastKnownFileType = sourcecode.swift; path = "Logger+Extensions.swift"; sourceTree = "<group>"; };
		FD7F07AA2AD5B96B0064FE0C /* DependencyManager.swift */ = {isa = PBXFileReference; lastKnownFileType = sourcecode.swift; path = DependencyManager.swift; sourceTree = "<group>"; };
		FD8336092AE091AF008D08FA /* WeatherViewModel.swift */ = {isa = PBXFileReference; lastKnownFileType = sourcecode.swift; path = WeatherViewModel.swift; sourceTree = "<group>"; };
		FD83360D2AE0ACDF008D08FA /* NavigationContainer.swift */ = {isa = PBXFileReference; lastKnownFileType = sourcecode.swift; path = NavigationContainer.swift; sourceTree = "<group>"; };
		FD8336102AE174D6008D08FA /* Montserrat-Medium.ttf */ = {isa = PBXFileReference; lastKnownFileType = file; path = "Montserrat-Medium.ttf"; sourceTree = "<group>"; };
		FD8336112AE174D6008D08FA /* Montserrat-SemiBold.ttf */ = {isa = PBXFileReference; lastKnownFileType = file; path = "Montserrat-SemiBold.ttf"; sourceTree = "<group>"; };
		FD8336122AE174D6008D08FA /* Montserrat-Black.ttf */ = {isa = PBXFileReference; lastKnownFileType = file; path = "Montserrat-Black.ttf"; sourceTree = "<group>"; };
		FD8336132AE174D6008D08FA /* Montserrat-Bold.ttf */ = {isa = PBXFileReference; lastKnownFileType = file; path = "Montserrat-Bold.ttf"; sourceTree = "<group>"; };
		FD8336142AE174D7008D08FA /* Montserrat-Light.ttf */ = {isa = PBXFileReference; lastKnownFileType = file; path = "Montserrat-Light.ttf"; sourceTree = "<group>"; };
		FD8336152AE174D7008D08FA /* Montserrat-Regular.ttf */ = {isa = PBXFileReference; lastKnownFileType = file; path = "Montserrat-Regular.ttf"; sourceTree = "<group>"; };
		FD83361C2AE17B72008D08FA /* FontProvider.swift */ = {isa = PBXFileReference; lastKnownFileType = sourcecode.swift; path = FontProvider.swift; sourceTree = "<group>"; };
		FDFEB6682BAB80770027AB83 /* BottomSwipeUpView.swift */ = {isa = PBXFileReference; lastKnownFileType = sourcecode.swift; path = BottomSwipeUpView.swift; sourceTree = "<group>"; };
		FDFEB66A2BAB8FD00027AB83 /* CustomPanGestureRecognizer.swift */ = {isa = PBXFileReference; lastKnownFileType = sourcecode.swift; path = CustomPanGestureRecognizer.swift; sourceTree = "<group>"; };
		FDFEB66C2BABC1140027AB83 /* UserDefaults+Extensions.swift */ = {isa = PBXFileReference; lastKnownFileType = sourcecode.swift; path = "UserDefaults+Extensions.swift"; sourceTree = "<group>"; };
		FDFEB66E2BABC2E90027AB83 /* AppConfig.swift */ = {isa = PBXFileReference; lastKnownFileType = sourcecode.swift; path = AppConfig.swift; sourceTree = "<group>"; };
		FDFEB6752BB269520027AB83 /* HourlyWeatherViewCell.swift */ = {isa = PBXFileReference; lastKnownFileType = sourcecode.swift; path = HourlyWeatherViewCell.swift; sourceTree = "<group>"; };
		FDFEB6772BB26FD60027AB83 /* HourlyWeatherViewController.swift */ = {isa = PBXFileReference; lastKnownFileType = sourcecode.swift; path = HourlyWeatherViewController.swift; sourceTree = "<group>"; };
		FDFEB6792BB2728C0027AB83 /* HourlyWeatherItem.swift */ = {isa = PBXFileReference; lastKnownFileType = sourcecode.swift; path = HourlyWeatherItem.swift; sourceTree = "<group>"; };
		FDFEB67C2BB273FF0027AB83 /* WeatherType.swift */ = {isa = PBXFileReference; lastKnownFileType = sourcecode.swift; path = WeatherType.swift; sourceTree = "<group>"; };
/* End PBXFileReference section */

/* Begin PBXFrameworksBuildPhase section */
		FD7F076E2AD582620064FE0C /* Frameworks */ = {
			isa = PBXFrameworksBuildPhase;
			buildActionMask = 2147483647;
			files = (
				FDFEB6662BAA68630027AB83 /* SnapKit in Frameworks */,
			);
			runOnlyForDeploymentPostprocessing = 0;
		};
/* End PBXFrameworksBuildPhase section */

/* Begin PBXGroup section */
		FD7F07682AD582620064FE0C = {
			isa = PBXGroup;
			children = (
				FD7F07732AD582620064FE0C /* SkyWizard */,
				FD7F07722AD582620064FE0C /* Products */,
			);
			sourceTree = "<group>";
		};
		FD7F07722AD582620064FE0C /* Products */ = {
			isa = PBXGroup;
			children = (
				FD7F07712AD582620064FE0C /* SkyWizard.app */,
			);
			name = Products;
			sourceTree = "<group>";
		};
		FD7F07732AD582620064FE0C /* SkyWizard */ = {
			isa = PBXGroup;
			children = (
				FD7F078E2AD58EA90064FE0C /* Other */,
				FD7F078B2AD58E830064FE0C /* Util */,
				FD7F078A2AD58E7E0064FE0C /* Data */,
				FD7F07892AD58E740064FE0C /* Presentation */,
				FD7F07882AD5831B0064FE0C /* SkyWizard.entitlements */,
				FD7F07822AD582670064FE0C /* Info.plist */,
			);
			path = SkyWizard;
			sourceTree = "<group>";
		};
		FD7F07892AD58E740064FE0C /* Presentation */ = {
			isa = PBXGroup;
			children = (
				FD7F07A02AD598FC0064FE0C /* Util */,
				FD7F07962AD591920064FE0C /* Settings */,
				FD7F07952AD5918A0064FE0C /* Weather */,
			);
			path = Presentation;
			sourceTree = "<group>";
		};
		FD7F078A2AD58E7E0064FE0C /* Data */ = {
			isa = PBXGroup;
			children = (
				FDFEB67B2BB273F20027AB83 /* Enum */,
				FD7F078D2AD58E990064FE0C /* Services */,
				FD7F078C2AD58E940064FE0C /* Models */,
			);
			path = Data;
			sourceTree = "<group>";
		};
		FD7F078B2AD58E830064FE0C /* Util */ = {
			isa = PBXGroup;
			children = (
				FD7F07A32AD5B21C0064FE0C /* Logger+Extensions.swift */,
				FD7F07AA2AD5B96B0064FE0C /* DependencyManager.swift */,
				FD183AED2AE5961500A3C1A3 /* UserDefaults+Wrapper.swift */,
				FDFEB66C2BABC1140027AB83 /* UserDefaults+Extensions.swift */,
				FDFEB66E2BABC2E90027AB83 /* AppConfig.swift */,
			);
			path = Util;
			sourceTree = "<group>";
		};
		FD7F078C2AD58E940064FE0C /* Models */ = {
			isa = PBXGroup;
			children = (
				FD1902EB2BA12B3900287011 /* WeatherResult.swift */,
			);
			path = Models;
			sourceTree = "<group>";
		};
		FD7F078D2AD58E990064FE0C /* Services */ = {
			isa = PBXGroup;
			children = (
				FD7F078F2AD58F2E0064FE0C /* LocationService.swift */,
				FD7F07912AD58F380064FE0C /* IAPService.swift */,
				FD7F07932AD58F5C0064FE0C /* WeatherService.swift */,
			);
			path = Services;
			sourceTree = "<group>";
		};
		FD7F078E2AD58EA90064FE0C /* Other */ = {
			isa = PBXGroup;
			children = (
				FD83360F2AE173ED008D08FA /* Fonts */,
				FD7F077D2AD582670064FE0C /* Assets.xcassets */,
				FD7F077F2AD582670064FE0C /* LaunchScreen.storyboard */,
				FD7F07742AD582620064FE0C /* AppDelegate.swift */,
				FD7F07762AD582620064FE0C /* SceneDelegate.swift */,
			);
			path = Other;
			sourceTree = "<group>";
		};
		FD7F07952AD5918A0064FE0C /* Weather */ = {
			isa = PBXGroup;
			children = (
				FDFEB6672BAB7F9E0027AB83 /* SubView */,
				FD7F07782AD582620064FE0C /* WeatherViewController.swift */,
				FD7F079E2AD596FD0064FE0C /* WeatherView.swift */,
				FD8336092AE091AF008D08FA /* WeatherViewModel.swift */,
			);
			path = Weather;
			sourceTree = "<group>";
		};
		FD7F07962AD591920064FE0C /* Settings */ = {
			isa = PBXGroup;
			children = (
				FD7F07972AD591CC0064FE0C /* SettingsViewController.swift */,
				FD7F079C2AD5968A0064FE0C /* SettingsView.swift */,
				FD5B09C52AD6D5BF0005A6EF /* SettingsCell.swift */,
			);
			path = Settings;
			sourceTree = "<group>";
		};
		FD7F07A02AD598FC0064FE0C /* Util */ = {
			isa = PBXGroup;
			children = (
				FD7F07A12AD599080064FE0C /* View+Extensions.swift */,
				FD83360D2AE0ACDF008D08FA /* NavigationContainer.swift */,
				FD83361C2AE17B72008D08FA /* FontProvider.swift */,
				FDFEB66A2BAB8FD00027AB83 /* CustomPanGestureRecognizer.swift */,
			);
			path = Util;
			sourceTree = "<group>";
		};
		FD83360F2AE173ED008D08FA /* Fonts */ = {
			isa = PBXGroup;
			children = (
				FD8336122AE174D6008D08FA /* Montserrat-Black.ttf */,
				FD8336132AE174D6008D08FA /* Montserrat-Bold.ttf */,
				FD8336142AE174D7008D08FA /* Montserrat-Light.ttf */,
				FD8336102AE174D6008D08FA /* Montserrat-Medium.ttf */,
				FD8336152AE174D7008D08FA /* Montserrat-Regular.ttf */,
				FD8336112AE174D6008D08FA /* Montserrat-SemiBold.ttf */,
			);
			path = Fonts;
			sourceTree = "<group>";
		};
		FDFEB6672BAB7F9E0027AB83 /* SubView */ = {
			isa = PBXGroup;
			children = (
				FDFEB6722BB268880027AB83 /* DailyWeatherView */,
				FDFEB6712BB268660027AB83 /* HourlyWeatherView */,
				FDFEB6702BB268470027AB83 /* BottomSwipeView */,
			);
			path = SubView;
			sourceTree = "<group>";
		};
		FDFEB6702BB268470027AB83 /* BottomSwipeView */ = {
			isa = PBXGroup;
			children = (
				FDFEB6682BAB80770027AB83 /* BottomSwipeUpView.swift */,
			);
			path = BottomSwipeView;
			sourceTree = "<group>";
		};
		FDFEB6712BB268660027AB83 /* HourlyWeatherView */ = {
			isa = PBXGroup;
			children = (
				FDFEB6752BB269520027AB83 /* HourlyWeatherViewCell.swift */,
				FDFEB6772BB26FD60027AB83 /* HourlyWeatherViewController.swift */,
				FDFEB6792BB2728C0027AB83 /* HourlyWeatherItem.swift */,
			);
			path = HourlyWeatherView;
			sourceTree = "<group>";
		};
		FDFEB6722BB268880027AB83 /* DailyWeatherView */ = {
			isa = PBXGroup;
			children = (
			);
			path = DailyWeatherView;
			sourceTree = "<group>";
		};
		FDFEB67B2BB273F20027AB83 /* Enum */ = {
			isa = PBXGroup;
			children = (
				FDFEB67C2BB273FF0027AB83 /* WeatherType.swift */,
			);
			path = Enum;
			sourceTree = "<group>";
		};
/* End PBXGroup section */

/* Begin PBXNativeTarget section */
		FD7F07702AD582620064FE0C /* SkyWizard */ = {
			isa = PBXNativeTarget;
			buildConfigurationList = FD7F07852AD582670064FE0C /* Build configuration list for PBXNativeTarget "SkyWizard" */;
			buildPhases = (
				FD7F076D2AD582620064FE0C /* Sources */,
				FD7F076E2AD582620064FE0C /* Frameworks */,
				FD7F076F2AD582620064FE0C /* Resources */,
			);
			buildRules = (
			);
			dependencies = (
			);
			name = SkyWizard;
			packageProductDependencies = (
				FDFEB6652BAA68630027AB83 /* SnapKit */,
			);
			productName = SkyWizard;
			productReference = FD7F07712AD582620064FE0C /* SkyWizard.app */;
			productType = "com.apple.product-type.application";
		};
/* End PBXNativeTarget section */

/* Begin PBXProject section */
		FD7F07692AD582620064FE0C /* Project object */ = {
			isa = PBXProject;
			attributes = {
				BuildIndependentTargetsInParallel = 1;
				LastSwiftUpdateCheck = 1500;
				LastUpgradeCheck = 1500;
				TargetAttributes = {
					FD7F07702AD582620064FE0C = {
						CreatedOnToolsVersion = 15.0;
					};
				};
			};
			buildConfigurationList = FD7F076C2AD582620064FE0C /* Build configuration list for PBXProject "SkyWizard" */;
			compatibilityVersion = "Xcode 14.0";
			developmentRegion = en;
			hasScannedForEncodings = 0;
			knownRegions = (
				en,
				Base,
			);
			mainGroup = FD7F07682AD582620064FE0C;
			packageReferences = (
				FDFEB6642BAA68630027AB83 /* XCRemoteSwiftPackageReference "SnapKit" */,
			);
			productRefGroup = FD7F07722AD582620064FE0C /* Products */;
			projectDirPath = "";
			projectRoot = "";
			targets = (
				FD7F07702AD582620064FE0C /* SkyWizard */,
			);
		};
/* End PBXProject section */

/* Begin PBXResourcesBuildPhase section */
		FD7F076F2AD582620064FE0C /* Resources */ = {
			isa = PBXResourcesBuildPhase;
			buildActionMask = 2147483647;
			files = (
				FD83361B2AE174D7008D08FA /* Montserrat-Regular.ttf in Resources */,
				FD83361A2AE174D7008D08FA /* Montserrat-Light.ttf in Resources */,
				FD7F07812AD582670064FE0C /* LaunchScreen.storyboard in Resources */,
				FD8336182AE174D7008D08FA /* Montserrat-Black.ttf in Resources */,
				FD8336192AE174D7008D08FA /* Montserrat-Bold.ttf in Resources */,
				FD8336162AE174D7008D08FA /* Montserrat-Medium.ttf in Resources */,
				FD8336172AE174D7008D08FA /* Montserrat-SemiBold.ttf in Resources */,
				FD7F077E2AD582670064FE0C /* Assets.xcassets in Resources */,
			);
			runOnlyForDeploymentPostprocessing = 0;
		};
/* End PBXResourcesBuildPhase section */

/* Begin PBXSourcesBuildPhase section */
		FD7F076D2AD582620064FE0C /* Sources */ = {
			isa = PBXSourcesBuildPhase;
			buildActionMask = 2147483647;
			files = (
				FDFEB67A2BB2728C0027AB83 /* HourlyWeatherItem.swift in Sources */,
				FD7F07792AD582620064FE0C /* WeatherViewController.swift in Sources */,
				FD7F07A22AD599080064FE0C /* View+Extensions.swift in Sources */,
				FD1902EC2BA12B3900287011 /* WeatherResult.swift in Sources */,
				FD7F07922AD58F380064FE0C /* IAPService.swift in Sources */,
				FDFEB66D2BABC1140027AB83 /* UserDefaults+Extensions.swift in Sources */,
				FDFEB66B2BAB8FD00027AB83 /* CustomPanGestureRecognizer.swift in Sources */,
				FD7F079D2AD5968A0064FE0C /* SettingsView.swift in Sources */,
				FD7F07982AD591CC0064FE0C /* SettingsViewController.swift in Sources */,
				FDFEB6692BAB80770027AB83 /* BottomSwipeUpView.swift in Sources */,
				FDFEB67D2BB273FF0027AB83 /* WeatherType.swift in Sources */,
				FD7F079F2AD596FD0064FE0C /* WeatherView.swift in Sources */,
				FD7F07752AD582620064FE0C /* AppDelegate.swift in Sources */,
				FD83360E2AE0ACDF008D08FA /* NavigationContainer.swift in Sources */,
				FD7F07902AD58F2E0064FE0C /* LocationService.swift in Sources */,
				FDFEB66F2BABC2E90027AB83 /* AppConfig.swift in Sources */,
				FD7F07AB2AD5B96B0064FE0C /* DependencyManager.swift in Sources */,
				FD7F07A42AD5B21C0064FE0C /* Logger+Extensions.swift in Sources */,
				FD83361D2AE17B72008D08FA /* FontProvider.swift in Sources */,
				FD83360A2AE091B0008D08FA /* WeatherViewModel.swift in Sources */,
				FD183AEE2AE5961500A3C1A3 /* UserDefaults+Wrapper.swift in Sources */,
				FDFEB6782BB26FD60027AB83 /* HourlyWeatherViewController.swift in Sources */,
				FD7F07772AD582620064FE0C /* SceneDelegate.swift in Sources */,
				FDFEB6762BB269520027AB83 /* HourlyWeatherViewCell.swift in Sources */,
				FD7F07942AD58F5C0064FE0C /* WeatherService.swift in Sources */,
				FD5B09C62AD6D5BF0005A6EF /* SettingsCell.swift in Sources */,
			);
			runOnlyForDeploymentPostprocessing = 0;
		};
/* End PBXSourcesBuildPhase section */

/* Begin PBXVariantGroup section */
		FD7F077F2AD582670064FE0C /* LaunchScreen.storyboard */ = {
			isa = PBXVariantGroup;
			children = (
				FD7F07802AD582670064FE0C /* Base */,
			);
			name = LaunchScreen.storyboard;
			sourceTree = "<group>";
		};
/* End PBXVariantGroup section */

/* Begin XCBuildConfiguration section */
		FD7F07832AD582670064FE0C /* Debug */ = {
			isa = XCBuildConfiguration;
			buildSettings = {
				ALWAYS_SEARCH_USER_PATHS = NO;
				ASSETCATALOG_COMPILER_GENERATE_SWIFT_ASSET_SYMBOL_EXTENSIONS = YES;
				CLANG_ANALYZER_NONNULL = YES;
				CLANG_ANALYZER_NUMBER_OBJECT_CONVERSION = YES_AGGRESSIVE;
				CLANG_CXX_LANGUAGE_STANDARD = "gnu++20";
				CLANG_ENABLE_MODULES = YES;
				CLANG_ENABLE_OBJC_ARC = YES;
				CLANG_ENABLE_OBJC_WEAK = YES;
				CLANG_WARN_BLOCK_CAPTURE_AUTORELEASING = YES;
				CLANG_WARN_BOOL_CONVERSION = YES;
				CLANG_WARN_COMMA = YES;
				CLANG_WARN_CONSTANT_CONVERSION = YES;
				CLANG_WARN_DEPRECATED_OBJC_IMPLEMENTATIONS = YES;
				CLANG_WARN_DIRECT_OBJC_ISA_USAGE = YES_ERROR;
				CLANG_WARN_DOCUMENTATION_COMMENTS = YES;
				CLANG_WARN_EMPTY_BODY = YES;
				CLANG_WARN_ENUM_CONVERSION = YES;
				CLANG_WARN_INFINITE_RECURSION = YES;
				CLANG_WARN_INT_CONVERSION = YES;
				CLANG_WARN_NON_LITERAL_NULL_CONVERSION = YES;
				CLANG_WARN_OBJC_IMPLICIT_RETAIN_SELF = YES;
				CLANG_WARN_OBJC_LITERAL_CONVERSION = YES;
				CLANG_WARN_OBJC_ROOT_CLASS = YES_ERROR;
				CLANG_WARN_QUOTED_INCLUDE_IN_FRAMEWORK_HEADER = YES;
				CLANG_WARN_RANGE_LOOP_ANALYSIS = YES;
				CLANG_WARN_STRICT_PROTOTYPES = YES;
				CLANG_WARN_SUSPICIOUS_MOVE = YES;
				CLANG_WARN_UNGUARDED_AVAILABILITY = YES_AGGRESSIVE;
				CLANG_WARN_UNREACHABLE_CODE = YES;
				CLANG_WARN__DUPLICATE_METHOD_MATCH = YES;
				COPY_PHASE_STRIP = NO;
				DEBUG_INFORMATION_FORMAT = dwarf;
				ENABLE_STRICT_OBJC_MSGSEND = YES;
				ENABLE_TESTABILITY = YES;
				ENABLE_USER_SCRIPT_SANDBOXING = YES;
				GCC_C_LANGUAGE_STANDARD = gnu17;
				GCC_DYNAMIC_NO_PIC = NO;
				GCC_NO_COMMON_BLOCKS = YES;
				GCC_OPTIMIZATION_LEVEL = 0;
				GCC_PREPROCESSOR_DEFINITIONS = (
					"DEBUG=1",
					"$(inherited)",
				);
				GCC_WARN_64_TO_32_BIT_CONVERSION = YES;
				GCC_WARN_ABOUT_RETURN_TYPE = YES_ERROR;
				GCC_WARN_UNDECLARED_SELECTOR = YES;
				GCC_WARN_UNINITIALIZED_AUTOS = YES_AGGRESSIVE;
				GCC_WARN_UNUSED_FUNCTION = YES;
				GCC_WARN_UNUSED_VARIABLE = YES;
				IPHONEOS_DEPLOYMENT_TARGET = 17.0;
				LOCALIZATION_PREFERS_STRING_CATALOGS = YES;
				MTL_ENABLE_DEBUG_INFO = INCLUDE_SOURCE;
				MTL_FAST_MATH = YES;
				ONLY_ACTIVE_ARCH = YES;
				SDKROOT = iphoneos;
				SWIFT_ACTIVE_COMPILATION_CONDITIONS = "DEBUG $(inherited)";
				SWIFT_OPTIMIZATION_LEVEL = "-Onone";
			};
			name = Debug;
		};
		FD7F07842AD582670064FE0C /* Release */ = {
			isa = XCBuildConfiguration;
			buildSettings = {
				ALWAYS_SEARCH_USER_PATHS = NO;
				ASSETCATALOG_COMPILER_GENERATE_SWIFT_ASSET_SYMBOL_EXTENSIONS = YES;
				CLANG_ANALYZER_NONNULL = YES;
				CLANG_ANALYZER_NUMBER_OBJECT_CONVERSION = YES_AGGRESSIVE;
				CLANG_CXX_LANGUAGE_STANDARD = "gnu++20";
				CLANG_ENABLE_MODULES = YES;
				CLANG_ENABLE_OBJC_ARC = YES;
				CLANG_ENABLE_OBJC_WEAK = YES;
				CLANG_WARN_BLOCK_CAPTURE_AUTORELEASING = YES;
				CLANG_WARN_BOOL_CONVERSION = YES;
				CLANG_WARN_COMMA = YES;
				CLANG_WARN_CONSTANT_CONVERSION = YES;
				CLANG_WARN_DEPRECATED_OBJC_IMPLEMENTATIONS = YES;
				CLANG_WARN_DIRECT_OBJC_ISA_USAGE = YES_ERROR;
				CLANG_WARN_DOCUMENTATION_COMMENTS = YES;
				CLANG_WARN_EMPTY_BODY = YES;
				CLANG_WARN_ENUM_CONVERSION = YES;
				CLANG_WARN_INFINITE_RECURSION = YES;
				CLANG_WARN_INT_CONVERSION = YES;
				CLANG_WARN_NON_LITERAL_NULL_CONVERSION = YES;
				CLANG_WARN_OBJC_IMPLICIT_RETAIN_SELF = YES;
				CLANG_WARN_OBJC_LITERAL_CONVERSION = YES;
				CLANG_WARN_OBJC_ROOT_CLASS = YES_ERROR;
				CLANG_WARN_QUOTED_INCLUDE_IN_FRAMEWORK_HEADER = YES;
				CLANG_WARN_RANGE_LOOP_ANALYSIS = YES;
				CLANG_WARN_STRICT_PROTOTYPES = YES;
				CLANG_WARN_SUSPICIOUS_MOVE = YES;
				CLANG_WARN_UNGUARDED_AVAILABILITY = YES_AGGRESSIVE;
				CLANG_WARN_UNREACHABLE_CODE = YES;
				CLANG_WARN__DUPLICATE_METHOD_MATCH = YES;
				COPY_PHASE_STRIP = NO;
				DEBUG_INFORMATION_FORMAT = "dwarf-with-dsym";
				ENABLE_NS_ASSERTIONS = NO;
				ENABLE_STRICT_OBJC_MSGSEND = YES;
				ENABLE_USER_SCRIPT_SANDBOXING = YES;
				GCC_C_LANGUAGE_STANDARD = gnu17;
				GCC_NO_COMMON_BLOCKS = YES;
				GCC_WARN_64_TO_32_BIT_CONVERSION = YES;
				GCC_WARN_ABOUT_RETURN_TYPE = YES_ERROR;
				GCC_WARN_UNDECLARED_SELECTOR = YES;
				GCC_WARN_UNINITIALIZED_AUTOS = YES_AGGRESSIVE;
				GCC_WARN_UNUSED_FUNCTION = YES;
				GCC_WARN_UNUSED_VARIABLE = YES;
				IPHONEOS_DEPLOYMENT_TARGET = 17.0;
				LOCALIZATION_PREFERS_STRING_CATALOGS = YES;
				MTL_ENABLE_DEBUG_INFO = NO;
				MTL_FAST_MATH = YES;
				SDKROOT = iphoneos;
				SWIFT_COMPILATION_MODE = wholemodule;
				VALIDATE_PRODUCT = YES;
			};
			name = Release;
		};
		FD7F07862AD582670064FE0C /* Debug */ = {
			isa = XCBuildConfiguration;
			buildSettings = {
				ASSETCATALOG_COMPILER_APPICON_NAME = AppIcon;
				ASSETCATALOG_COMPILER_GLOBAL_ACCENT_COLOR_NAME = AccentColor;
				CODE_SIGN_ENTITLEMENTS = SkyWizard/SkyWizard.entitlements;
				CODE_SIGN_STYLE = Automatic;
				CURRENT_PROJECT_VERSION = 1;
				DEVELOPMENT_TEAM = ZMV4XYT773;
				GENERATE_INFOPLIST_FILE = YES;
				INFOPLIST_FILE = SkyWizard/Info.plist;
				INFOPLIST_KEY_NSLocationWhenInUseUsageDescription = "This app requires your current location to get weather updates";
				INFOPLIST_KEY_UIApplicationSupportsIndirectInputEvents = YES;
				INFOPLIST_KEY_UILaunchStoryboardName = LaunchScreen;
				INFOPLIST_KEY_UISupportedInterfaceOrientations = UIInterfaceOrientationPortrait;
				INFOPLIST_KEY_UISupportedInterfaceOrientations_iPad = "UIInterfaceOrientationLandscapeLeft UIInterfaceOrientationLandscapeRight UIInterfaceOrientationPortrait UIInterfaceOrientationPortraitUpsideDown";
				IPHONEOS_DEPLOYMENT_TARGET = 16.0;
				LD_RUNPATH_SEARCH_PATHS = (
					"$(inherited)",
					"@executable_path/Frameworks",
				);
				MARKETING_VERSION = 1.0;
				PRODUCT_BUNDLE_IDENTIFIER = com.hishd.SkyWizard;
				PRODUCT_NAME = "$(TARGET_NAME)";
				SWIFT_EMIT_LOC_STRINGS = YES;
				SWIFT_VERSION = 5.0;
				TARGETED_DEVICE_FAMILY = "1,2";
			};
			name = Debug;
		};
		FD7F07872AD582670064FE0C /* Release */ = {
			isa = XCBuildConfiguration;
			buildSettings = {
				ASSETCATALOG_COMPILER_APPICON_NAME = AppIcon;
				ASSETCATALOG_COMPILER_GLOBAL_ACCENT_COLOR_NAME = AccentColor;
				CODE_SIGN_ENTITLEMENTS = SkyWizard/SkyWizard.entitlements;
				CODE_SIGN_STYLE = Automatic;
				CURRENT_PROJECT_VERSION = 1;
				DEVELOPMENT_TEAM = ZMV4XYT773;
				GENERATE_INFOPLIST_FILE = YES;
				INFOPLIST_FILE = SkyWizard/Info.plist;
				INFOPLIST_KEY_NSLocationWhenInUseUsageDescription = "This app requires your current location to get weather updates";
				INFOPLIST_KEY_UIApplicationSupportsIndirectInputEvents = YES;
				INFOPLIST_KEY_UILaunchStoryboardName = LaunchScreen;
				INFOPLIST_KEY_UISupportedInterfaceOrientations = UIInterfaceOrientationPortrait;
				INFOPLIST_KEY_UISupportedInterfaceOrientations_iPad = "UIInterfaceOrientationLandscapeLeft UIInterfaceOrientationLandscapeRight UIInterfaceOrientationPortrait UIInterfaceOrientationPortraitUpsideDown";
				IPHONEOS_DEPLOYMENT_TARGET = 16.0;
				LD_RUNPATH_SEARCH_PATHS = (
					"$(inherited)",
					"@executable_path/Frameworks",
				);
				MARKETING_VERSION = 1.0;
				PRODUCT_BUNDLE_IDENTIFIER = com.hishd.SkyWizard;
				PRODUCT_NAME = "$(TARGET_NAME)";
				SWIFT_EMIT_LOC_STRINGS = YES;
				SWIFT_VERSION = 5.0;
				TARGETED_DEVICE_FAMILY = "1,2";
			};
			name = Release;
		};
/* End XCBuildConfiguration section */

/* Begin XCConfigurationList section */
		FD7F076C2AD582620064FE0C /* Build configuration list for PBXProject "SkyWizard" */ = {
			isa = XCConfigurationList;
			buildConfigurations = (
				FD7F07832AD582670064FE0C /* Debug */,
				FD7F07842AD582670064FE0C /* Release */,
			);
			defaultConfigurationIsVisible = 0;
			defaultConfigurationName = Release;
		};
		FD7F07852AD582670064FE0C /* Build configuration list for PBXNativeTarget "SkyWizard" */ = {
			isa = XCConfigurationList;
			buildConfigurations = (
				FD7F07862AD582670064FE0C /* Debug */,
				FD7F07872AD582670064FE0C /* Release */,
			);
			defaultConfigurationIsVisible = 0;
			defaultConfigurationName = Release;
		};
/* End XCConfigurationList section */

/* Begin XCRemoteSwiftPackageReference section */
		FDFEB6642BAA68630027AB83 /* XCRemoteSwiftPackageReference "SnapKit" */ = {
			isa = XCRemoteSwiftPackageReference;
			repositoryURL = "https://github.com/SnapKit/SnapKit";
			requirement = {
				kind = upToNextMajorVersion;
				minimumVersion = 5.7.1;
			};
		};
/* End XCRemoteSwiftPackageReference section */

/* Begin XCSwiftPackageProductDependency section */
		FDFEB6652BAA68630027AB83 /* SnapKit */ = {
			isa = XCSwiftPackageProductDependency;
			package = FDFEB6642BAA68630027AB83 /* XCRemoteSwiftPackageReference "SnapKit" */;
			productName = SnapKit;
		};
/* End XCSwiftPackageProductDependency section */
	};
	rootObject = FD7F07692AD582620064FE0C /* Project object */;
}
